
Microsoft Visual Studio Solution File, Format Version 12.00
# Visual Studio Version 16
VisualStudioVersion = 16.0.31112.23
MinimumVisualStudioVersion = 10.0.40219.1
Project("{FAE04EC0-301F-11D3-BF4B-00C04F79EFBC}") = "WindowsFormsApp1", "WindowsFormsApp1\WindowsFormsApp1.csproj", "{C7302DF7-5A6D-4735-98F7-90D0EDC183F7}"
EndProject
Global
	GlobalSection(SolutionConfigurationPlatforms) = preSolution
		Debug|Any CPU = Debug|Any CPU
		Debug|x64 = Debug|x64
		Release|Any CPU = Release|Any CPU
		Release|x64 = Release|x64
	EndGlobalSection
	GlobalSection(ProjectConfigurationPlatforms) = postSolution
		{C7302DF7-5A6D-4735-98F7-90D0EDC183F7}.Debug|Any CPU.ActiveCfg = Debug|Any CPU
		{C7302DF7-5A6D-4735-98F7-90D0EDC183F7}.Debug|Any CPU.Build.0 = Debug|Any CPU
		{C7302DF7-5A6D-4735-98F7-90D0EDC183F7}.Debug|x64.ActiveCfg = Debug|x64
		{C7302DF7-5A6D-4735-98F7-90D0EDC183F7}.Debug|x64.Build.0 = Debug|x64
		{C7302DF7-5A6D-4735-98F7-90D0EDC183F7}.Release|Any CPU.ActiveCfg = Release|Any CPU
		{C7302DF7-5A6D-4735-98F7-90D0EDC183F7}.Release|Any CPU.Build.0 = Release|Any CPU
		{C7302DF7-5A6D-4735-98F7-90D0EDC183F7}.Release|x64.ActiveCfg = Release|x64
		{C7302DF7-5A6D-4735-98F7-90D0EDC183F7}.Release|x64.Build.0 = Release|x64
	EndGlobalSection
	GlobalSection(SolutionProperties) = preSolution
		HideSolutionNode = FALSE
	EndGlobalSection
	GlobalSection(ExtensibilityGlobals) = postSolution
		SolutionGuid = {431374F3-6B7A-465E-B867-D8EE4DF0E8B7}
	EndGlobalSection
EndGlobal
