
Microsoft Visual Studio Solution File, Format Version 12.00
# Visual Studio 15
VisualStudioVersion = 15.0.28307.1321
MinimumVisualStudioVersion = 10.0.40219.1
Project("{FAE04EC0-301F-11D3-BF4B-00C04F79EFBC}") = "npclient", "npclient\npclient.csproj", "{AB110F8B-AFCB-4F75-A9E1-5655E60B7EAD}"
EndProject
Global
	GlobalSection(SolutionConfigurationPlatforms) = preSolution
		Debug|Any CPU = Debug|Any CPU
		Release|Any CPU = Release|Any CPU
	EndGlobalSection
	GlobalSection(ProjectConfigurationPlatforms) = postSolution
		{AB110F8B-AFCB-4F75-A9E1-5655E60B7EAD}.Debug|Any CPU.ActiveCfg = Debug|Any CPU
		{AB110F8B-AFCB-4F75-A9E1-5655E60B7EAD}.Debug|Any CPU.Build.0 = Debug|Any CPU
		{AB110F8B-AFCB-4F75-A9E1-5655E60B7EAD}.Release|Any CPU.ActiveCfg = Release|Any CPU
		{AB110F8B-AFCB-4F75-A9E1-5655E60B7EAD}.Release|Any CPU.Build.0 = Release|Any CPU
	EndGlobalSection
	GlobalSection(SolutionProperties) = preSolution
		HideSolutionNode = FALSE
	EndGlobalSection
	GlobalSection(ExtensibilityGlobals) = postSolution
		SolutionGuid = {5F1ACD26-4125-4F50-849C-0947118E6863}
	EndGlobalSection
EndGlobal
